
Microsoft Visual Studio Solution File, Format Version 12.00
# Visual Studio Version 16
VisualStudioVersion = 16.0.29411.108
MinimumVisualStudioVersion = 10.0.40219.1
Project("{FAE04EC0-301F-11D3-BF4B-00C04F79EFBC}") = "TestingConsole", "TestingConsole\TestingConsole.csproj", "{C90A3777-4641-41D2-810A-C5AE75C2B663}"
EndProject
Project("{FAE04EC0-301F-11D3-BF4B-00C04F79EFBC}") = "NLog.RabbitMQ.Appender", "NLog.RabbitMQ.Appender\NLog.RabbitMQ.Appender.csproj", "{6A09084A-9B3C-4CB7-8126-454B22A50B4C}"
EndProject
Project("{FAE04EC0-301F-11D3-BF4B-00C04F79EFBC}") = "NLog.RabbitMQ.Appender.Test", "NLog.RabbitMQ.Appender.Test\NLog.RabbitMQ.Appender.Test.csproj", "{91340D89-F4A3-407D-BAED-9DF6493D75C8}"
EndProject
Project("{9A19103F-16F7-4668-BE54-9A1E7A4F7556}") = "Ariane.Common", "Ariane.Common\Ariane.Common.csproj", "{674731C4-15AA-4B65-93F0-E9C7D58F045B}"
EndProject
Project("{FAE04EC0-301F-11D3-BF4B-00C04F79EFBC}") = "Ariane.ViewModel.Win", "Ariane.ViewModel.Win\Ariane.ViewModel.Win.csproj", "{6B972B68-F2CA-4950-9963-4315799232C2}"
EndProject
Project("{9A19103F-16F7-4668-BE54-9A1E7A4F7556}") = "Ariane.Model", "Ariane.Model\Ariane.Model.csproj", "{75F99114-DEBF-45DB-A089-3D4B3BBB3D59}"
EndProject
Project("{9A19103F-16F7-4668-BE54-9A1E7A4F7556}") = "MEFShared", "MEFShared\MEFShared.csproj", "{86075E2D-48A1-4DDB-B60C-883B600D25AB}"
EndProject
Project("{FAE04EC0-301F-11D3-BF4B-00C04F79EFBC}") = "Ariane", "Ariane\Ariane.csproj", "{4929DCA9-6E6E-4F00-88F7-52083DBB93A7}"
EndProject
Project("{FAE04EC0-301F-11D3-BF4B-00C04F79EFBC}") = "ProofOfConcept", "ProofOfConcept\ProofOfConcept.csproj", "{E0F63756-37E7-4A01-A2EA-E79E1E58F052}"
EndProject
Project("{54435603-DBB4-11D2-8724-00A0C9A8B90C}") = "ArianeSetup", "ArianeSetup\ArianeSetup.vdproj", "{42F2606A-502F-4C58-B6E1-0434DA890D9D}"
EndProject
Global
	GlobalSection(SolutionConfigurationPlatforms) = preSolution
		Debug|Any CPU = Debug|Any CPU
		Release|Any CPU = Release|Any CPU
	EndGlobalSection
	GlobalSection(ProjectConfigurationPlatforms) = postSolution
		{C90A3777-4641-41D2-810A-C5AE75C2B663}.Debug|Any CPU.ActiveCfg = Debug|Any CPU
		{C90A3777-4641-41D2-810A-C5AE75C2B663}.Debug|Any CPU.Build.0 = Debug|Any CPU
		{C90A3777-4641-41D2-810A-C5AE75C2B663}.Release|Any CPU.ActiveCfg = Release|Any CPU
		{C90A3777-4641-41D2-810A-C5AE75C2B663}.Release|Any CPU.Build.0 = Release|Any CPU
		{6A09084A-9B3C-4CB7-8126-454B22A50B4C}.Debug|Any CPU.ActiveCfg = Debug|Any CPU
		{6A09084A-9B3C-4CB7-8126-454B22A50B4C}.Debug|Any CPU.Build.0 = Debug|Any CPU
		{6A09084A-9B3C-4CB7-8126-454B22A50B4C}.Release|Any CPU.ActiveCfg = Release|Any CPU
		{6A09084A-9B3C-4CB7-8126-454B22A50B4C}.Release|Any CPU.Build.0 = Release|Any CPU
		{91340D89-F4A3-407D-BAED-9DF6493D75C8}.Debug|Any CPU.ActiveCfg = Debug|Any CPU
		{91340D89-F4A3-407D-BAED-9DF6493D75C8}.Debug|Any CPU.Build.0 = Debug|Any CPU
		{91340D89-F4A3-407D-BAED-9DF6493D75C8}.Release|Any CPU.ActiveCfg = Release|Any CPU
		{91340D89-F4A3-407D-BAED-9DF6493D75C8}.Release|Any CPU.Build.0 = Release|Any CPU
		{674731C4-15AA-4B65-93F0-E9C7D58F045B}.Debug|Any CPU.ActiveCfg = Debug|Any CPU
		{674731C4-15AA-4B65-93F0-E9C7D58F045B}.Debug|Any CPU.Build.0 = Debug|Any CPU
		{674731C4-15AA-4B65-93F0-E9C7D58F045B}.Release|Any CPU.ActiveCfg = Release|Any CPU
		{674731C4-15AA-4B65-93F0-E9C7D58F045B}.Release|Any CPU.Build.0 = Release|Any CPU
		{6B972B68-F2CA-4950-9963-4315799232C2}.Debug|Any CPU.ActiveCfg = Debug|Any CPU
		{6B972B68-F2CA-4950-9963-4315799232C2}.Debug|Any CPU.Build.0 = Debug|Any CPU
		{6B972B68-F2CA-4950-9963-4315799232C2}.Release|Any CPU.ActiveCfg = Release|Any CPU
		{6B972B68-F2CA-4950-9963-4315799232C2}.Release|Any CPU.Build.0 = Release|Any CPU
		{75F99114-DEBF-45DB-A089-3D4B3BBB3D59}.Debug|Any CPU.ActiveCfg = Debug|Any CPU
		{75F99114-DEBF-45DB-A089-3D4B3BBB3D59}.Debug|Any CPU.Build.0 = Debug|Any CPU
		{75F99114-DEBF-45DB-A089-3D4B3BBB3D59}.Release|Any CPU.ActiveCfg = Release|Any CPU
		{75F99114-DEBF-45DB-A089-3D4B3BBB3D59}.Release|Any CPU.Build.0 = Release|Any CPU
		{86075E2D-48A1-4DDB-B60C-883B600D25AB}.Debug|Any CPU.ActiveCfg = Debug|Any CPU
		{86075E2D-48A1-4DDB-B60C-883B600D25AB}.Debug|Any CPU.Build.0 = Debug|Any CPU
		{86075E2D-48A1-4DDB-B60C-883B600D25AB}.Release|Any CPU.ActiveCfg = Release|Any CPU
		{86075E2D-48A1-4DDB-B60C-883B600D25AB}.Release|Any CPU.Build.0 = Release|Any CPU
		{4929DCA9-6E6E-4F00-88F7-52083DBB93A7}.Debug|Any CPU.ActiveCfg = Debug|Any CPU
		{4929DCA9-6E6E-4F00-88F7-52083DBB93A7}.Debug|Any CPU.Build.0 = Debug|Any CPU
		{4929DCA9-6E6E-4F00-88F7-52083DBB93A7}.Release|Any CPU.ActiveCfg = Release|Any CPU
		{4929DCA9-6E6E-4F00-88F7-52083DBB93A7}.Release|Any CPU.Build.0 = Release|Any CPU
		{E0F63756-37E7-4A01-A2EA-E79E1E58F052}.Debug|Any CPU.ActiveCfg = Debug|Any CPU
		{E0F63756-37E7-4A01-A2EA-E79E1E58F052}.Debug|Any CPU.Build.0 = Debug|Any CPU
		{E0F63756-37E7-4A01-A2EA-E79E1E58F052}.Release|Any CPU.ActiveCfg = Release|Any CPU
		{E0F63756-37E7-4A01-A2EA-E79E1E58F052}.Release|Any CPU.Build.0 = Release|Any CPU
		{42F2606A-502F-4C58-B6E1-0434DA890D9D}.Debug|Any CPU.ActiveCfg = Debug
		{42F2606A-502F-4C58-B6E1-0434DA890D9D}.Release|Any CPU.ActiveCfg = Release
	EndGlobalSection
	GlobalSection(SolutionProperties) = preSolution
		HideSolutionNode = FALSE
	EndGlobalSection
	GlobalSection(ExtensibilityGlobals) = postSolution
		SolutionGuid = {448FFF83-4803-453A-AE81-61934405ED0E}
	EndGlobalSection
EndGlobal
